
Microsoft Visual Studio Solution File, Format Version 12.00
# Visual Studio Version 17
VisualStudioVersion = 17.9.34714.143
MinimumVisualStudioVersion = 10.0.40219.1
Project("{9A19103F-16F7-4668-BE54-9A1E7A4F7556}") = "Botofan W1+2", "Botofan W1+2\Botofan W1+2.csproj", "{1F4A9B9A-59DD-40C7-AB59-D57A61AAFF8D}"
EndProject
Project("{9A19103F-16F7-4668-BE54-9A1E7A4F7556}") = "Saptamana5-Windows-Forms", "Saptamana5-Windows-Forms\Saptamana5-Windows-Forms.csproj", "{47A52223-858B-49BD-AB25-79F3BB652052}"
EndProject
Project("{9A19103F-16F7-4668-BE54-9A1E7A4F7556}") = "Saptamana6-Windows-Forms", "Sapt6-Windows-Forms\Saptamana6-Windows-Forms.csproj", "{66B2DE11-F34C-4366-B40E-CDB535E01AC7}"
EndProject
Project("{9A19103F-16F7-4668-BE54-9A1E7A4F7556}") = "Saptamana7-WPF", "Saptamana7-WPF\Saptamana7-WPF.csproj", "{59B09078-9926-4C3D-B9AA-2F881C23A6FC}"
EndProject
Project("{9A19103F-16F7-4668-BE54-9A1E7A4F7556}") = "Saptamana8_WPF", "Saptamana8_WPF\Saptamana8_WPF.csproj", "{00449DFA-B4CF-4BCE-8D58-FAAA33A82233}"
EndProject
Global
	GlobalSection(SolutionConfigurationPlatforms) = preSolution
		Debug|Any CPU = Debug|Any CPU
		Release|Any CPU = Release|Any CPU
	EndGlobalSection
	GlobalSection(ProjectConfigurationPlatforms) = postSolution
		{1F4A9B9A-59DD-40C7-AB59-D57A61AAFF8D}.Debug|Any CPU.ActiveCfg = Debug|Any CPU
		{1F4A9B9A-59DD-40C7-AB59-D57A61AAFF8D}.Debug|Any CPU.Build.0 = Debug|Any CPU
		{1F4A9B9A-59DD-40C7-AB59-D57A61AAFF8D}.Release|Any CPU.ActiveCfg = Release|Any CPU
		{1F4A9B9A-59DD-40C7-AB59-D57A61AAFF8D}.Release|Any CPU.Build.0 = Release|Any CPU
		{47A52223-858B-49BD-AB25-79F3BB652052}.Debug|Any CPU.ActiveCfg = Debug|Any CPU
		{47A52223-858B-49BD-AB25-79F3BB652052}.Debug|Any CPU.Build.0 = Debug|Any CPU
		{47A52223-858B-49BD-AB25-79F3BB652052}.Release|Any CPU.ActiveCfg = Release|Any CPU
		{47A52223-858B-49BD-AB25-79F3BB652052}.Release|Any CPU.Build.0 = Release|Any CPU
		{66B2DE11-F34C-4366-B40E-CDB535E01AC7}.Debug|Any CPU.ActiveCfg = Debug|Any CPU
		{66B2DE11-F34C-4366-B40E-CDB535E01AC7}.Debug|Any CPU.Build.0 = Debug|Any CPU
		{66B2DE11-F34C-4366-B40E-CDB535E01AC7}.Release|Any CPU.ActiveCfg = Release|Any CPU
		{66B2DE11-F34C-4366-B40E-CDB535E01AC7}.Release|Any CPU.Build.0 = Release|Any CPU
		{59B09078-9926-4C3D-B9AA-2F881C23A6FC}.Debug|Any CPU.ActiveCfg = Debug|Any CPU
		{59B09078-9926-4C3D-B9AA-2F881C23A6FC}.Debug|Any CPU.Build.0 = Debug|Any CPU
		{59B09078-9926-4C3D-B9AA-2F881C23A6FC}.Release|Any CPU.ActiveCfg = Release|Any CPU
		{59B09078-9926-4C3D-B9AA-2F881C23A6FC}.Release|Any CPU.Build.0 = Release|Any CPU
		{00449DFA-B4CF-4BCE-8D58-FAAA33A82233}.Debug|Any CPU.ActiveCfg = Debug|Any CPU
		{00449DFA-B4CF-4BCE-8D58-FAAA33A82233}.Debug|Any CPU.Build.0 = Debug|Any CPU
		{00449DFA-B4CF-4BCE-8D58-FAAA33A82233}.Release|Any CPU.ActiveCfg = Release|Any CPU
		{00449DFA-B4CF-4BCE-8D58-FAAA33A82233}.Release|Any CPU.Build.0 = Release|Any CPU
	EndGlobalSection
	GlobalSection(SolutionProperties) = preSolution
		HideSolutionNode = FALSE
	EndGlobalSection
	GlobalSection(ExtensibilityGlobals) = postSolution
		SolutionGuid = {46D61ED1-2C1D-43B9-A431-5DC56B1BD365}
	EndGlobalSection
EndGlobal
